{
  "version": 4,
  "terraform_version": "1.11.3",
  "serial": 1,
  "lineage": "1d3821b1-25b1-2ea5-eac4-b7f640c065f9",
  "outputs": {},
  "resources": [
    {
      "mode": "managed",
      "type": "spotify_playlist",
      "name": "Bollywood",
      "provider": "provider[\"registry.terraform.io/conradludgate/spotify\"]",
      "instances": [
        {
          "schema_version": 0,
          "attributes": {
            "description": null,
            "id": "0V8sqEQrn4mtwooCZ1LDTS",
            "name": "Bollywood",
            "public": true,
            "snapshot_id": "AAAAAlsFBnmcI2/RJzmO2HhbFc8PmIgO",
            "tracks": [
              "0mNeOrlNl8zvnBxhElDmjf"
            ]
          },
          "sensitive_attributes": [],
          "private": "bnVsbA=="
        }
      ]
    }
  ],
  "check_results": null
}
